// !$*UTF8*$!
{
	archiveVersion = 1;
	classes = {
	};
	objectVersion = 56;
	objects = {

/* Begin PBXBuildFile section */
		33707F912A3EEAFD00109EE1 /* AppDelegate.swift in Sources */ = {isa = PBXBuildFile; fileRef = 33707F902A3EEAFD00109EE1 /* AppDelegate.swift */; };
		33707F932A3EEAFD00109EE1 /* SceneDelegate.swift in Sources */ = {isa = PBXBuildFile; fileRef = 33707F922A3EEAFD00109EE1 /* SceneDelegate.swift */; };
		33707F952A3EEAFD00109EE1 /* MyMovieViewController.swift in Sources */ = {isa = PBXBuildFile; fileRef = 33707F942A3EEAFD00109EE1 /* MyMovieViewController.swift */; };
		33707F982A3EEAFD00109EE1 /* Main.storyboard in Resources */ = {isa = PBXBuildFile; fileRef = 33707F962A3EEAFD00109EE1 /* Main.storyboard */; };
		33707F9D2A3EEAFF00109EE1 /* Assets.xcassets in Resources */ = {isa = PBXBuildFile; fileRef = 33707F9C2A3EEAFF00109EE1 /* Assets.xcassets */; };
		33707FA02A3EEAFF00109EE1 /* LaunchScreen.storyboard in Resources */ = {isa = PBXBuildFile; fileRef = 33707F9E2A3EEAFF00109EE1 /* LaunchScreen.storyboard */; };
		33707FA92A3EFAF300109EE1 /* Alamofire in Frameworks */ = {isa = PBXBuildFile; productRef = 33707FA82A3EFAF300109EE1 /* Alamofire */; };
		33707FAC2A3EFB6900109EE1 /* SDWebImage in Frameworks */ = {isa = PBXBuildFile; productRef = 33707FAB2A3EFB6900109EE1 /* SDWebImage */; };
		33707FAE2A3EFB6900109EE1 /* SDWebImageMapKit in Frameworks */ = {isa = PBXBuildFile; productRef = 33707FAD2A3EFB6900109EE1 /* SDWebImageMapKit */; };
		33707FB42A3EFC4100109EE1 /* MyMoviesCollectionViewCell.swift in Sources */ = {isa = PBXBuildFile; fileRef = 33707FB22A3EFC4100109EE1 /* MyMoviesCollectionViewCell.swift */; };
		33707FB52A3EFC4100109EE1 /* MyMoviesCollectionViewCell.xib in Resources */ = {isa = PBXBuildFile; fileRef = 33707FB32A3EFC4100109EE1 /* MyMoviesCollectionViewCell.xib */; };
		339322662A43277C0004B5AB /* MyMovieCoreDataModel.xcdatamodeld in Sources */ = {isa = PBXBuildFile; fileRef = 339322642A43277C0004B5AB /* MyMovieCoreDataModel.xcdatamodeld */; };
		339322692A4327D10004B5AB /* MyMovieEntity+CoreDataClass.swift in Sources */ = {isa = PBXBuildFile; fileRef = 339322672A4327D10004B5AB /* MyMovieEntity+CoreDataClass.swift */; };
		3393226A2A4327D10004B5AB /* MyMovieEntity+CoreDataProperties.swift in Sources */ = {isa = PBXBuildFile; fileRef = 339322682A4327D10004B5AB /* MyMovieEntity+CoreDataProperties.swift */; };
		339382832A3F2E9A009BD03E /* MyMovieCellViewModel.swift in Sources */ = {isa = PBXBuildFile; fileRef = 339382822A3F2E9A009BD03E /* MyMovieCellViewModel.swift */; };
		339382862A3F3125009BD03E /* MyMovieModel.swift in Sources */ = {isa = PBXBuildFile; fileRef = 339382852A3F3125009BD03E /* MyMovieModel.swift */; };
		339382882A3F657E009BD03E /* MyMovieCollectionViewVM.swift in Sources */ = {isa = PBXBuildFile; fileRef = 339382872A3F657E009BD03E /* MyMovieCollectionViewVM.swift */; };
		3393828B2A3F668B009BD03E /* MyMovieCoreDataManager.swift in Sources */ = {isa = PBXBuildFile; fileRef = 3393828A2A3F668B009BD03E /* MyMovieCoreDataManager.swift */; };
		339382922A3F6A2D009BD03E /* MyMovieCoreDataVM.swift in Sources */ = {isa = PBXBuildFile; fileRef = 339382912A3F6A2D009BD03E /* MyMovieCoreDataVM.swift */; };
/* End PBXBuildFile section */

/* Begin PBXFileReference section */
		33707F8D2A3EEAFD00109EE1 /* My Movie.app */ = {isa = PBXFileReference; explicitFileType = wrapper.application; includeInIndex = 0; path = "My Movie.app"; sourceTree = BUILT_PRODUCTS_DIR; };
		33707F902A3EEAFD00109EE1 /* AppDelegate.swift */ = {isa = PBXFileReference; lastKnownFileType = sourcecode.swift; path = AppDelegate.swift; sourceTree = "<group>"; };
		33707F922A3EEAFD00109EE1 /* SceneDelegate.swift */ = {isa = PBXFileReference; lastKnownFileType = sourcecode.swift; path = SceneDelegate.swift; sourceTree = "<group>"; };
		33707F942A3EEAFD00109EE1 /* MyMovieViewController.swift */ = {isa = PBXFileReference; lastKnownFileType = sourcecode.swift; path = MyMovieViewController.swift; sourceTree = "<group>"; };
		33707F972A3EEAFD00109EE1 /* Base */ = {isa = PBXFileReference; lastKnownFileType = file.storyboard; name = Base; path = Base.lproj/Main.storyboard; sourceTree = "<group>"; };
		33707F9C2A3EEAFF00109EE1 /* Assets.xcassets */ = {isa = PBXFileReference; lastKnownFileType = folder.assetcatalog; path = Assets.xcassets; sourceTree = "<group>"; };
		33707F9F2A3EEAFF00109EE1 /* Base */ = {isa = PBXFileReference; lastKnownFileType = file.storyboard; name = Base; path = Base.lproj/LaunchScreen.storyboard; sourceTree = "<group>"; };
		33707FA12A3EEAFF00109EE1 /* Info.plist */ = {isa = PBXFileReference; lastKnownFileType = text.plist.xml; path = Info.plist; sourceTree = "<group>"; };
		33707FB22A3EFC4100109EE1 /* MyMoviesCollectionViewCell.swift */ = {isa = PBXFileReference; lastKnownFileType = sourcecode.swift; path = MyMoviesCollectionViewCell.swift; sourceTree = "<group>"; };
		33707FB32A3EFC4100109EE1 /* MyMoviesCollectionViewCell.xib */ = {isa = PBXFileReference; lastKnownFileType = file.xib; path = MyMoviesCollectionViewCell.xib; sourceTree = "<group>"; };
		339322652A43277C0004B5AB /* MyMovieCoreDataModel.xcdatamodel */ = {isa = PBXFileReference; lastKnownFileType = wrapper.xcdatamodel; path = MyMovieCoreDataModel.xcdatamodel; sourceTree = "<group>"; };
		339322672A4327D10004B5AB /* MyMovieEntity+CoreDataClass.swift */ = {isa = PBXFileReference; lastKnownFileType = sourcecode.swift; path = "MyMovieEntity+CoreDataClass.swift"; sourceTree = "<group>"; };
		339322682A4327D10004B5AB /* MyMovieEntity+CoreDataProperties.swift */ = {isa = PBXFileReference; lastKnownFileType = sourcecode.swift; path = "MyMovieEntity+CoreDataProperties.swift"; sourceTree = "<group>"; };
		339382822A3F2E9A009BD03E /* MyMovieCellViewModel.swift */ = {isa = PBXFileReference; lastKnownFileType = sourcecode.swift; path = MyMovieCellViewModel.swift; sourceTree = "<group>"; };
		339382852A3F3125009BD03E /* MyMovieModel.swift */ = {isa = PBXFileReference; lastKnownFileType = sourcecode.swift; path = MyMovieModel.swift; sourceTree = "<group>"; };
		339382872A3F657E009BD03E /* MyMovieCollectionViewVM.swift */ = {isa = PBXFileReference; lastKnownFileType = sourcecode.swift; path = MyMovieCollectionViewVM.swift; sourceTree = "<group>"; };
		3393828A2A3F668B009BD03E /* MyMovieCoreDataManager.swift */ = {isa = PBXFileReference; lastKnownFileType = sourcecode.swift; path = MyMovieCoreDataManager.swift; sourceTree = "<group>"; };
		339382912A3F6A2D009BD03E /* MyMovieCoreDataVM.swift */ = {isa = PBXFileReference; lastKnownFileType = sourcecode.swift; path = MyMovieCoreDataVM.swift; sourceTree = "<group>"; };
/* End PBXFileReference section */

/* Begin PBXFrameworksBuildPhase section */
		33707F8A2A3EEAFD00109EE1 /* Frameworks */ = {
			isa = PBXFrameworksBuildPhase;
			buildActionMask = 2147483647;
			files = (
				33707FAC2A3EFB6900109EE1 /* SDWebImage in Frameworks */,
				33707FAE2A3EFB6900109EE1 /* SDWebImageMapKit in Frameworks */,
				33707FA92A3EFAF300109EE1 /* Alamofire in Frameworks */,
			);
			runOnlyForDeploymentPostprocessing = 0;
		};
/* End PBXFrameworksBuildPhase section */

/* Begin PBXGroup section */
		33707F842A3EEAFD00109EE1 = {
			isa = PBXGroup;
			children = (
				33707F8F2A3EEAFD00109EE1 /* My Movie */,
				33707F8E2A3EEAFD00109EE1 /* Products */,
			);
			sourceTree = "<group>";
		};
		33707F8E2A3EEAFD00109EE1 /* Products */ = {
			isa = PBXGroup;
			children = (
				33707F8D2A3EEAFD00109EE1 /* My Movie.app */,
			);
			name = Products;
			sourceTree = "<group>";
		};
		33707F8F2A3EEAFD00109EE1 /* My Movie */ = {
			isa = PBXGroup;
			children = (
				339382902A3F6704009BD03E /* Core Data Models */,
				339382892A3F666A009BD03E /* My Movie Core Data */,
				339382842A3F30FD009BD03E /* Models */,
				339382812A3F2E80009BD03E /* View Model */,
				33707FAF2A3EFBEB00109EE1 /* View */,
				33707F902A3EEAFD00109EE1 /* AppDelegate.swift */,
				33707F922A3EEAFD00109EE1 /* SceneDelegate.swift */,
				33707F942A3EEAFD00109EE1 /* MyMovieViewController.swift */,
				33707F962A3EEAFD00109EE1 /* Main.storyboard */,
				33707F9C2A3EEAFF00109EE1 /* Assets.xcassets */,
				33707F9E2A3EEAFF00109EE1 /* LaunchScreen.storyboard */,
				33707FA12A3EEAFF00109EE1 /* Info.plist */,
				339322642A43277C0004B5AB /* MyMovieCoreDataModel.xcdatamodeld */,
			);
			path = "My Movie";
			sourceTree = "<group>";
		};
		33707FAF2A3EFBEB00109EE1 /* View */ = {
			isa = PBXGroup;
			children = (
				33707FB22A3EFC4100109EE1 /* MyMoviesCollectionViewCell.swift */,
				33707FB32A3EFC4100109EE1 /* MyMoviesCollectionViewCell.xib */,
			);
			path = View;
			sourceTree = "<group>";
		};
		339382812A3F2E80009BD03E /* View Model */ = {
			isa = PBXGroup;
			children = (
				339382822A3F2E9A009BD03E /* MyMovieCellViewModel.swift */,
				339382872A3F657E009BD03E /* MyMovieCollectionViewVM.swift */,
				339382912A3F6A2D009BD03E /* MyMovieCoreDataVM.swift */,
			);
			path = "View Model";
			sourceTree = "<group>";
		};
		339382842A3F30FD009BD03E /* Models */ = {
			isa = PBXGroup;
			children = (
				339382852A3F3125009BD03E /* MyMovieModel.swift */,
			);
			path = Models;
			sourceTree = "<group>";
		};
		339382892A3F666A009BD03E /* My Movie Core Data */ = {
			isa = PBXGroup;
			children = (
				3393828A2A3F668B009BD03E /* MyMovieCoreDataManager.swift */,
			);
			path = "My Movie Core Data";
			sourceTree = "<group>";
		};
		339382902A3F6704009BD03E /* Core Data Models */ = {
			isa = PBXGroup;
			children = (
				339322672A4327D10004B5AB /* MyMovieEntity+CoreDataClass.swift */,
				339322682A4327D10004B5AB /* MyMovieEntity+CoreDataProperties.swift */,
			);
			path = "Core Data Models";
			sourceTree = "<group>";
		};
/* End PBXGroup section */

/* Begin PBXNativeTarget section */
		33707F8C2A3EEAFD00109EE1 /* My Movie */ = {
			isa = PBXNativeTarget;
			buildConfigurationList = 33707FA42A3EEAFF00109EE1 /* Build configuration list for PBXNativeTarget "My Movie" */;
			buildPhases = (
				33707F892A3EEAFD00109EE1 /* Sources */,
				33707F8A2A3EEAFD00109EE1 /* Frameworks */,
				33707F8B2A3EEAFD00109EE1 /* Resources */,
			);
			buildRules = (
			);
			dependencies = (
			);
			name = "My Movie";
			packageProductDependencies = (
				33707FA82A3EFAF300109EE1 /* Alamofire */,
				33707FAB2A3EFB6900109EE1 /* SDWebImage */,
				33707FAD2A3EFB6900109EE1 /* SDWebImageMapKit */,
			);
			productName = "My Movie";
			productReference = 33707F8D2A3EEAFD00109EE1 /* My Movie.app */;
			productType = "com.apple.product-type.application";
		};
/* End PBXNativeTarget section */

/* Begin PBXProject section */
		33707F852A3EEAFD00109EE1 /* Project object */ = {
			isa = PBXProject;
			attributes = {
				BuildIndependentTargetsInParallel = 1;
				LastSwiftUpdateCheck = 1420;
				LastUpgradeCheck = 1420;
				TargetAttributes = {
					33707F8C2A3EEAFD00109EE1 = {
						CreatedOnToolsVersion = 14.2;
					};
				};
			};
			buildConfigurationList = 33707F882A3EEAFD00109EE1 /* Build configuration list for PBXProject "My Movie" */;
			compatibilityVersion = "Xcode 14.0";
			developmentRegion = en;
			hasScannedForEncodings = 0;
			knownRegions = (
				en,
				Base,
			);
			mainGroup = 33707F842A3EEAFD00109EE1;
			packageReferences = (
				33707FA72A3EFAF200109EE1 /* XCRemoteSwiftPackageReference "Alamofire" */,
				33707FAA2A3EFB6900109EE1 /* XCRemoteSwiftPackageReference "SDWebImage" */,
			);
			productRefGroup = 33707F8E2A3EEAFD00109EE1 /* Products */;
			projectDirPath = "";
			projectRoot = "";
			targets = (
				33707F8C2A3EEAFD00109EE1 /* My Movie */,
			);
		};
/* End PBXProject section */

/* Begin PBXResourcesBuildPhase section */
		33707F8B2A3EEAFD00109EE1 /* Resources */ = {
			isa = PBXResourcesBuildPhase;
			buildActionMask = 2147483647;
			files = (
				33707FA02A3EEAFF00109EE1 /* LaunchScreen.storyboard in Resources */,
				33707F9D2A3EEAFF00109EE1 /* Assets.xcassets in Resources */,
				33707F982A3EEAFD00109EE1 /* Main.storyboard in Resources */,
				33707FB52A3EFC4100109EE1 /* MyMoviesCollectionViewCell.xib in Resources */,
			);
			runOnlyForDeploymentPostprocessing = 0;
		};
/* End PBXResourcesBuildPhase section */

/* Begin PBXSourcesBuildPhase section */
		33707F892A3EEAFD00109EE1 /* Sources */ = {
			isa = PBXSourcesBuildPhase;
			buildActionMask = 2147483647;
			files = (
				339382882A3F657E009BD03E /* MyMovieCollectionViewVM.swift in Sources */,
				33707F952A3EEAFD00109EE1 /* MyMovieViewController.swift in Sources */,
				339382862A3F3125009BD03E /* MyMovieModel.swift in Sources */,
				33707F912A3EEAFD00109EE1 /* AppDelegate.swift in Sources */,
				3393828B2A3F668B009BD03E /* MyMovieCoreDataManager.swift in Sources */,
				33707F932A3EEAFD00109EE1 /* SceneDelegate.swift in Sources */,
				33707FB42A3EFC4100109EE1 /* MyMoviesCollectionViewCell.swift in Sources */,
				339382922A3F6A2D009BD03E /* MyMovieCoreDataVM.swift in Sources */,
				339322692A4327D10004B5AB /* MyMovieEntity+CoreDataClass.swift in Sources */,
				339382832A3F2E9A009BD03E /* MyMovieCellViewModel.swift in Sources */,
				339322662A43277C0004B5AB /* MyMovieCoreDataModel.xcdatamodeld in Sources */,
				3393226A2A4327D10004B5AB /* MyMovieEntity+CoreDataProperties.swift in Sources */,
			);
			runOnlyForDeploymentPostprocessing = 0;
		};
/* End PBXSourcesBuildPhase section */

/* Begin PBXVariantGroup section */
		33707F962A3EEAFD00109EE1 /* Main.storyboard */ = {
			isa = PBXVariantGroup;
			children = (
				33707F972A3EEAFD00109EE1 /* Base */,
			);
			name = Main.storyboard;
			sourceTree = "<group>";
		};
		33707F9E2A3EEAFF00109EE1 /* LaunchScreen.storyboard */ = {
			isa = PBXVariantGroup;
			children = (
				33707F9F2A3EEAFF00109EE1 /* Base */,
			);
			name = LaunchScreen.storyboard;
			sourceTree = "<group>";
		};
/* End PBXVariantGroup section */

/* Begin XCBuildConfiguration section */
		33707FA22A3EEAFF00109EE1 /* Debug */ = {
			isa = XCBuildConfiguration;
			buildSettings = {
				ALWAYS_SEARCH_USER_PATHS = NO;
				CLANG_ANALYZER_NONNULL = YES;
				CLANG_ANALYZER_NUMBER_OBJECT_CONVERSION = YES_AGGRESSIVE;
				CLANG_CXX_LANGUAGE_STANDARD = "gnu++20";
				CLANG_ENABLE_MODULES = YES;
				CLANG_ENABLE_OBJC_ARC = YES;
				CLANG_ENABLE_OBJC_WEAK = YES;
				CLANG_WARN_BLOCK_CAPTURE_AUTORELEASING = YES;
				CLANG_WARN_BOOL_CONVERSION = YES;
				CLANG_WARN_COMMA = YES;
				CLANG_WARN_CONSTANT_CONVERSION = YES;
				CLANG_WARN_DEPRECATED_OBJC_IMPLEMENTATIONS = YES;
				CLANG_WARN_DIRECT_OBJC_ISA_USAGE = YES_ERROR;
				CLANG_WARN_DOCUMENTATION_COMMENTS = YES;
				CLANG_WARN_EMPTY_BODY = YES;
				CLANG_WARN_ENUM_CONVERSION = YES;
				CLANG_WARN_INFINITE_RECURSION = YES;
				CLANG_WARN_INT_CONVERSION = YES;
				CLANG_WARN_NON_LITERAL_NULL_CONVERSION = YES;
				CLANG_WARN_OBJC_IMPLICIT_RETAIN_SELF = YES;
				CLANG_WARN_OBJC_LITERAL_CONVERSION = YES;
				CLANG_WARN_OBJC_ROOT_CLASS = YES_ERROR;
				CLANG_WARN_QUOTED_INCLUDE_IN_FRAMEWORK_HEADER = YES;
				CLANG_WARN_RANGE_LOOP_ANALYSIS = YES;
				CLANG_WARN_STRICT_PROTOTYPES = YES;
				CLANG_WARN_SUSPICIOUS_MOVE = YES;
				CLANG_WARN_UNGUARDED_AVAILABILITY = YES_AGGRESSIVE;
				CLANG_WARN_UNREACHABLE_CODE = YES;
				CLANG_WARN__DUPLICATE_METHOD_MATCH = YES;
				COPY_PHASE_STRIP = NO;
				DEBUG_INFORMATION_FORMAT = dwarf;
				ENABLE_STRICT_OBJC_MSGSEND = YES;
				ENABLE_TESTABILITY = YES;
				GCC_C_LANGUAGE_STANDARD = gnu11;
				GCC_DYNAMIC_NO_PIC = NO;
				GCC_NO_COMMON_BLOCKS = YES;
				GCC_OPTIMIZATION_LEVEL = 0;
				GCC_PREPROCESSOR_DEFINITIONS = (
					"DEBUG=1",
					"$(inherited)",
				);
				GCC_WARN_64_TO_32_BIT_CONVERSION = YES;
				GCC_WARN_ABOUT_RETURN_TYPE = YES_ERROR;
				GCC_WARN_UNDECLARED_SELECTOR = YES;
				GCC_WARN_UNINITIALIZED_AUTOS = YES_AGGRESSIVE;
				GCC_WARN_UNUSED_FUNCTION = YES;
				GCC_WARN_UNUSED_VARIABLE = YES;
				IPHONEOS_DEPLOYMENT_TARGET = 16.2;
				MTL_ENABLE_DEBUG_INFO = INCLUDE_SOURCE;
				MTL_FAST_MATH = YES;
				ONLY_ACTIVE_ARCH = YES;
				SDKROOT = iphoneos;
				SWIFT_ACTIVE_COMPILATION_CONDITIONS = DEBUG;
				SWIFT_OPTIMIZATION_LEVEL = "-Onone";
			};
			name = Debug;
		};
		33707FA32A3EEAFF00109EE1 /* Release */ = {
			isa = XCBuildConfiguration;
			buildSettings = {
				ALWAYS_SEARCH_USER_PATHS = NO;
				CLANG_ANALYZER_NONNULL = YES;
				CLANG_ANALYZER_NUMBER_OBJECT_CONVERSION = YES_AGGRESSIVE;
				CLANG_CXX_LANGUAGE_STANDARD = "gnu++20";
				CLANG_ENABLE_MODULES = YES;
				CLANG_ENABLE_OBJC_ARC = YES;
				CLANG_ENABLE_OBJC_WEAK = YES;
				CLANG_WARN_BLOCK_CAPTURE_AUTORELEASING = YES;
				CLANG_WARN_BOOL_CONVERSION = YES;
				CLANG_WARN_COMMA = YES;
				CLANG_WARN_CONSTANT_CONVERSION = YES;
				CLANG_WARN_DEPRECATED_OBJC_IMPLEMENTATIONS = YES;
				CLANG_WARN_DIRECT_OBJC_ISA_USAGE = YES_ERROR;
				CLANG_WARN_DOCUMENTATION_COMMENTS = YES;
				CLANG_WARN_EMPTY_BODY = YES;
				CLANG_WARN_ENUM_CONVERSION = YES;
				CLANG_WARN_INFINITE_RECURSION = YES;
				CLANG_WARN_INT_CONVERSION = YES;
				CLANG_WARN_NON_LITERAL_NULL_CONVERSION = YES;
				CLANG_WARN_OBJC_IMPLICIT_RETAIN_SELF = YES;
				CLANG_WARN_OBJC_LITERAL_CONVERSION = YES;
				CLANG_WARN_OBJC_ROOT_CLASS = YES_ERROR;
				CLANG_WARN_QUOTED_INCLUDE_IN_FRAMEWORK_HEADER = YES;
				CLANG_WARN_RANGE_LOOP_ANALYSIS = YES;
				CLANG_WARN_STRICT_PROTOTYPES = YES;
				CLANG_WARN_SUSPICIOUS_MOVE = YES;
				CLANG_WARN_UNGUARDED_AVAILABILITY = YES_AGGRESSIVE;
				CLANG_WARN_UNREACHABLE_CODE = YES;
				CLANG_WARN__DUPLICATE_METHOD_MATCH = YES;
				COPY_PHASE_STRIP = NO;
				DEBUG_INFORMATION_FORMAT = "dwarf-with-dsym";
				ENABLE_NS_ASSERTIONS = NO;
				ENABLE_STRICT_OBJC_MSGSEND = YES;
				GCC_C_LANGUAGE_STANDARD = gnu11;
				GCC_NO_COMMON_BLOCKS = YES;
				GCC_WARN_64_TO_32_BIT_CONVERSION = YES;
				GCC_WARN_ABOUT_RETURN_TYPE = YES_ERROR;
				GCC_WARN_UNDECLARED_SELECTOR = YES;
				GCC_WARN_UNINITIALIZED_AUTOS = YES_AGGRESSIVE;
				GCC_WARN_UNUSED_FUNCTION = YES;
				GCC_WARN_UNUSED_VARIABLE = YES;
				IPHONEOS_DEPLOYMENT_TARGET = 16.2;
				MTL_ENABLE_DEBUG_INFO = NO;
				MTL_FAST_MATH = YES;
				SDKROOT = iphoneos;
				SWIFT_COMPILATION_MODE = wholemodule;
				SWIFT_OPTIMIZATION_LEVEL = "-O";
				VALIDATE_PRODUCT = YES;
			};
			name = Release;
		};
		33707FA52A3EEAFF00109EE1 /* Debug */ = {
			isa = XCBuildConfiguration;
			buildSettings = {
				ASSETCATALOG_COMPILER_APPICON_NAME = AppIcon;
				ASSETCATALOG_COMPILER_GLOBAL_ACCENT_COLOR_NAME = AccentColor;
				CODE_SIGN_STYLE = Automatic;
				CURRENT_PROJECT_VERSION = 1;
				GENERATE_INFOPLIST_FILE = YES;
				INFOPLIST_FILE = "My Movie/Info.plist";
				INFOPLIST_KEY_UIApplicationSupportsIndirectInputEvents = YES;
				INFOPLIST_KEY_UILaunchStoryboardName = LaunchScreen;
				INFOPLIST_KEY_UIMainStoryboardFile = Main;
				INFOPLIST_KEY_UISupportedInterfaceOrientations_iPad = "UIInterfaceOrientationPortrait UIInterfaceOrientationPortraitUpsideDown UIInterfaceOrientationLandscapeLeft UIInterfaceOrientationLandscapeRight";
				INFOPLIST_KEY_UISupportedInterfaceOrientations_iPhone = "UIInterfaceOrientationPortrait UIInterfaceOrientationLandscapeLeft UIInterfaceOrientationLandscapeRight";
				LD_RUNPATH_SEARCH_PATHS = (
					"$(inherited)",
					"@executable_path/Frameworks",
				);
				MARKETING_VERSION = 1.0;
				PRODUCT_BUNDLE_IDENTIFIER = "myProject.foothill.com.My-Movie";
				PRODUCT_NAME = "$(TARGET_NAME)";
				SWIFT_EMIT_LOC_STRINGS = YES;
				SWIFT_VERSION = 5.0;
				TARGETED_DEVICE_FAMILY = "1,2";
			};
			name = Debug;
		};
		33707FA62A3EEAFF00109EE1 /* Release */ = {
			isa = XCBuildConfiguration;
			buildSettings = {
				ASSETCATALOG_COMPILER_APPICON_NAME = AppIcon;
				ASSETCATALOG_COMPILER_GLOBAL_ACCENT_COLOR_NAME = AccentColor;
				CODE_SIGN_STYLE = Automatic;
				CURRENT_PROJECT_VERSION = 1;
				GENERATE_INFOPLIST_FILE = YES;
				INFOPLIST_FILE = "My Movie/Info.plist";
				INFOPLIST_KEY_UIApplicationSupportsIndirectInputEvents = YES;
				INFOPLIST_KEY_UILaunchStoryboardName = LaunchScreen;
				INFOPLIST_KEY_UIMainStoryboardFile = Main;
				INFOPLIST_KEY_UISupportedInterfaceOrientations_iPad = "UIInterfaceOrientationPortrait UIInterfaceOrientationPortraitUpsideDown UIInterfaceOrientationLandscapeLeft UIInterfaceOrientationLandscapeRight";
				INFOPLIST_KEY_UISupportedInterfaceOrientations_iPhone = "UIInterfaceOrientationPortrait UIInterfaceOrientationLandscapeLeft UIInterfaceOrientationLandscapeRight";
				LD_RUNPATH_SEARCH_PATHS = (
					"$(inherited)",
					"@executable_path/Frameworks",
				);
				MARKETING_VERSION = 1.0;
				PRODUCT_BUNDLE_IDENTIFIER = "myProject.foothill.com.My-Movie";
				PRODUCT_NAME = "$(TARGET_NAME)";
				SWIFT_EMIT_LOC_STRINGS = YES;
				SWIFT_VERSION = 5.0;
				TARGETED_DEVICE_FAMILY = "1,2";
			};
			name = Release;
		};
/* End XCBuildConfiguration section */

/* Begin XCConfigurationList section */
		33707F882A3EEAFD00109EE1 /* Build configuration list for PBXProject "My Movie" */ = {
			isa = XCConfigurationList;
			buildConfigurations = (
				33707FA22A3EEAFF00109EE1 /* Debug */,
				33707FA32A3EEAFF00109EE1 /* Release */,
			);
			defaultConfigurationIsVisible = 0;
			defaultConfigurationName = Release;
		};
		33707FA42A3EEAFF00109EE1 /* Build configuration list for PBXNativeTarget "My Movie" */ = {
			isa = XCConfigurationList;
			buildConfigurations = (
				33707FA52A3EEAFF00109EE1 /* Debug */,
				33707FA62A3EEAFF00109EE1 /* Release */,
			);
			defaultConfigurationIsVisible = 0;
			defaultConfigurationName = Release;
		};
/* End XCConfigurationList section */

/* Begin XCRemoteSwiftPackageReference section */
		33707FA72A3EFAF200109EE1 /* XCRemoteSwiftPackageReference "Alamofire" */ = {
			isa = XCRemoteSwiftPackageReference;
			repositoryURL = "https://github.com/Alamofire/Alamofire.git";
			requirement = {
				kind = upToNextMajorVersion;
				minimumVersion = 5.0.0;
			};
		};
		33707FAA2A3EFB6900109EE1 /* XCRemoteSwiftPackageReference "SDWebImage" */ = {
			isa = XCRemoteSwiftPackageReference;
			repositoryURL = "https://github.com/SDWebImage/SDWebImage.git";
			requirement = {
				kind = upToNextMajorVersion;
				minimumVersion = 5.0.0;
			};
		};
/* End XCRemoteSwiftPackageReference section */

/* Begin XCSwiftPackageProductDependency section */
		33707FA82A3EFAF300109EE1 /* Alamofire */ = {
			isa = XCSwiftPackageProductDependency;
			package = 33707FA72A3EFAF200109EE1 /* XCRemoteSwiftPackageReference "Alamofire" */;
			productName = Alamofire;
		};
		33707FAB2A3EFB6900109EE1 /* SDWebImage */ = {
			isa = XCSwiftPackageProductDependency;
			package = 33707FAA2A3EFB6900109EE1 /* XCRemoteSwiftPackageReference "SDWebImage" */;
			productName = SDWebImage;
		};
		33707FAD2A3EFB6900109EE1 /* SDWebImageMapKit */ = {
			isa = XCSwiftPackageProductDependency;
			package = 33707FAA2A3EFB6900109EE1 /* XCRemoteSwiftPackageReference "SDWebImage" */;
			productName = SDWebImageMapKit;
		};
/* End XCSwiftPackageProductDependency section */

/* Begin XCVersionGroup section */
		339322642A43277C0004B5AB /* MyMovieCoreDataModel.xcdatamodeld */ = {
			isa = XCVersionGroup;
			children = (
				339322652A43277C0004B5AB /* MyMovieCoreDataModel.xcdatamodel */,
			);
			currentVersion = 339322652A43277C0004B5AB /* MyMovieCoreDataModel.xcdatamodel */;
			path = MyMovieCoreDataModel.xcdatamodeld;
			sourceTree = "<group>";
			versionGroupType = wrapper.xcdatamodel;
		};
/* End XCVersionGroup section */
	};
	rootObject = 33707F852A3EEAFD00109EE1 /* Project object */;
}
